
Microsoft Visual Studio Solution File, Format Version 12.00
# Visual Studio Version 16
VisualStudioVersion = 16.0.30907.101
MinimumVisualStudioVersion = 10.0.40219.1
Project("{FAE04EC0-301F-11D3-BF4B-00C04F79EFBC}") = "SpaceInvadersProgrammingSpeedrunAnyPercent", "SpaceInvadersProgrammingSpeedrunAnyPercent\SpaceInvadersProgrammingSpeedrunAnyPercent.csproj", "{89605082-9D93-49DE-8FAC-61ADAE75926F}"
EndProject
Global
	GlobalSection(SolutionConfigurationPlatforms) = preSolution
		Debug|Any CPU = Debug|Any CPU
		Release|Any CPU = Release|Any CPU
	EndGlobalSection
	GlobalSection(ProjectConfigurationPlatforms) = postSolution
		{89605082-9D93-49DE-8FAC-61ADAE75926F}.Debug|Any CPU.ActiveCfg = Debug|Any CPU
		{89605082-9D93-49DE-8FAC-61ADAE75926F}.Debug|Any CPU.Build.0 = Debug|Any CPU
		{89605082-9D93-49DE-8FAC-61ADAE75926F}.Release|Any CPU.ActiveCfg = Release|Any CPU
		{89605082-9D93-49DE-8FAC-61ADAE75926F}.Release|Any CPU.Build.0 = Release|Any CPU
	EndGlobalSection
	GlobalSection(SolutionProperties) = preSolution
		HideSolutionNode = FALSE
	EndGlobalSection
	GlobalSection(ExtensibilityGlobals) = postSolution
		SolutionGuid = {B0FCB0F0-3210-4392-9D41-54A8B3C226AF}
	EndGlobalSection
EndGlobal
